// !$*UTF8*$!
{
	archiveVersion = 1;
	classes = {
	};
	objectVersion = 56;
	objects = {

/* Begin PBXBuildFile section */
		F45BA49E2911450C0087CF67 /* AppDelegate.swift in Sources */ = {isa = PBXBuildFile; fileRef = F45BA49D2911450C0087CF67 /* AppDelegate.swift */; };
		F45BA4A02911450C0087CF67 /* SceneDelegate.swift in Sources */ = {isa = PBXBuildFile; fileRef = F45BA49F2911450C0087CF67 /* SceneDelegate.swift */; };
		F45BA4A22911450C0087CF67 /* ViewController.swift in Sources */ = {isa = PBXBuildFile; fileRef = F45BA4A12911450C0087CF67 /* ViewController.swift */; };
		F45BA4A52911450C0087CF67 /* Main.storyboard in Resources */ = {isa = PBXBuildFile; fileRef = F45BA4A32911450C0087CF67 /* Main.storyboard */; };
		F45BA4A72911450F0087CF67 /* Assets.xcassets in Resources */ = {isa = PBXBuildFile; fileRef = F45BA4A62911450F0087CF67 /* Assets.xcassets */; };
		F45BA4AA2911450F0087CF67 /* LaunchScreen.storyboard in Resources */ = {isa = PBXBuildFile; fileRef = F45BA4A82911450F0087CF67 /* LaunchScreen.storyboard */; };
		F494BC83292BCC0F00178C2A /* WeatherViewModel.swift in Sources */ = {isa = PBXBuildFile; fileRef = F494BC82292BCC0F00178C2A /* WeatherViewModel.swift */; };
		F494BC85292BCC2700178C2A /* WeatherModel.swift in Sources */ = {isa = PBXBuildFile; fileRef = F494BC84292BCC2700178C2A /* WeatherModel.swift */; };
		F494BC87292BCC5800178C2A /* weatherDataManager.swift in Sources */ = {isa = PBXBuildFile; fileRef = F494BC86292BCC5800178C2A /* weatherDataManager.swift */; };
		F494BC89292BCC7700178C2A /* WeatherNetworkManager.swift in Sources */ = {isa = PBXBuildFile; fileRef = F494BC88292BCC7700178C2A /* WeatherNetworkManager.swift */; };
/* End PBXBuildFile section */

/* Begin PBXFileReference section */
		F45BA49A2911450C0087CF67 /* Condition.app */ = {isa = PBXFileReference; explicitFileType = wrapper.application; includeInIndex = 0; path = Condition.app; sourceTree = BUILT_PRODUCTS_DIR; };
		F45BA49D2911450C0087CF67 /* AppDelegate.swift */ = {isa = PBXFileReference; lastKnownFileType = sourcecode.swift; path = AppDelegate.swift; sourceTree = "<group>"; };
		F45BA49F2911450C0087CF67 /* SceneDelegate.swift */ = {isa = PBXFileReference; lastKnownFileType = sourcecode.swift; path = SceneDelegate.swift; sourceTree = "<group>"; };
		F45BA4A12911450C0087CF67 /* ViewController.swift */ = {isa = PBXFileReference; lastKnownFileType = sourcecode.swift; path = ViewController.swift; sourceTree = "<group>"; };
		F45BA4A42911450C0087CF67 /* Base */ = {isa = PBXFileReference; lastKnownFileType = file.storyboard; name = Base; path = Base.lproj/Main.storyboard; sourceTree = "<group>"; };
		F45BA4A62911450F0087CF67 /* Assets.xcassets */ = {isa = PBXFileReference; lastKnownFileType = folder.assetcatalog; path = Assets.xcassets; sourceTree = "<group>"; };
		F45BA4A92911450F0087CF67 /* Base */ = {isa = PBXFileReference; lastKnownFileType = file.storyboard; name = Base; path = Base.lproj/LaunchScreen.storyboard; sourceTree = "<group>"; };
		F45BA4AB2911450F0087CF67 /* Info.plist */ = {isa = PBXFileReference; lastKnownFileType = text.plist.xml; path = Info.plist; sourceTree = "<group>"; };
		F494BC82292BCC0F00178C2A /* WeatherViewModel.swift */ = {isa = PBXFileReference; lastKnownFileType = sourcecode.swift; path = WeatherViewModel.swift; sourceTree = "<group>"; };
		F494BC84292BCC2700178C2A /* WeatherModel.swift */ = {isa = PBXFileReference; lastKnownFileType = sourcecode.swift; path = WeatherModel.swift; sourceTree = "<group>"; };
		F494BC86292BCC5800178C2A /* weatherDataManager.swift */ = {isa = PBXFileReference; lastKnownFileType = sourcecode.swift; path = weatherDataManager.swift; sourceTree = "<group>"; };
		F494BC88292BCC7700178C2A /* WeatherNetworkManager.swift */ = {isa = PBXFileReference; lastKnownFileType = sourcecode.swift; path = WeatherNetworkManager.swift; sourceTree = "<group>"; };
/* End PBXFileReference section */

/* Begin PBXFrameworksBuildPhase section */
		F45BA4972911450C0087CF67 /* Frameworks */ = {
			isa = PBXFrameworksBuildPhase;
			buildActionMask = 2147483647;
			files = (
			);
			runOnlyForDeploymentPostprocessing = 0;
		};
/* End PBXFrameworksBuildPhase section */

/* Begin PBXGroup section */
		F45BA4912911450C0087CF67 = {
			isa = PBXGroup;
			children = (
				F45BA49C2911450C0087CF67 /* Condition */,
				F45BA49B2911450C0087CF67 /* Products */,
			);
			sourceTree = "<group>";
		};
		F45BA49B2911450C0087CF67 /* Products */ = {
			isa = PBXGroup;
			children = (
				F45BA49A2911450C0087CF67 /* Condition.app */,
			);
			name = Products;
			sourceTree = "<group>";
		};
		F45BA49C2911450C0087CF67 /* Condition */ = {
			isa = PBXGroup;
			children = (
				F484924B2932EE5A0068B8D0 /* App */,
				F484924C2932EE700068B8D0 /* ViewController */,
				F48492492932EE330068B8D0 /* VIewModel */,
				F48492472932EDFC0068B8D0 /* NetworkManager */,
				F48492482932EE200068B8D0 /* Model */,
				F484924A2932EE420068B8D0 /* Services */,
				F48492452932EDD30068B8D0 /* view */,
				F48492462932EDE20068B8D0 /* Resources */,
				F45BA4AB2911450F0087CF67 /* Info.plist */,
			);
			path = Condition;
			sourceTree = "<group>";
		};
		F48492452932EDD30068B8D0 /* view */ = {
			isa = PBXGroup;
			children = (
				F45BA4A32911450C0087CF67 /* Main.storyboard */,
				F45BA4A82911450F0087CF67 /* LaunchScreen.storyboard */,
			);
			path = view;
			sourceTree = "<group>";
		};
		F48492462932EDE20068B8D0 /* Resources */ = {
			isa = PBXGroup;
			children = (
				F45BA4A62911450F0087CF67 /* Assets.xcassets */,
			);
			path = Resources;
			sourceTree = "<group>";
		};
		F48492472932EDFC0068B8D0 /* NetworkManager */ = {
			isa = PBXGroup;
			children = (
				F494BC88292BCC7700178C2A /* WeatherNetworkManager.swift */,
			);
			path = NetworkManager;
			sourceTree = "<group>";
		};
		F48492482932EE200068B8D0 /* Model */ = {
			isa = PBXGroup;
			children = (
				F494BC84292BCC2700178C2A /* WeatherModel.swift */,
			);
			path = Model;
			sourceTree = "<group>";
		};
		F48492492932EE330068B8D0 /* VIewModel */ = {
			isa = PBXGroup;
			children = (
				F494BC82292BCC0F00178C2A /* WeatherViewModel.swift */,
			);
			path = VIewModel;
			sourceTree = "<group>";
		};
		F484924A2932EE420068B8D0 /* Services */ = {
			isa = PBXGroup;
			children = (
				F494BC86292BCC5800178C2A /* weatherDataManager.swift */,
			);
			path = Services;
			sourceTree = "<group>";
		};
		F484924B2932EE5A0068B8D0 /* App */ = {
			isa = PBXGroup;
			children = (
				F45BA49D2911450C0087CF67 /* AppDelegate.swift */,
				F45BA49F2911450C0087CF67 /* SceneDelegate.swift */,
			);
			path = App;
			sourceTree = "<group>";
		};
		F484924C2932EE700068B8D0 /* ViewController */ = {
			isa = PBXGroup;
			children = (
				F45BA4A12911450C0087CF67 /* ViewController.swift */,
			);
			path = ViewController;
			sourceTree = "<group>";
		};
/* End PBXGroup section */

/* Begin PBXNativeTarget section */
		F45BA4992911450C0087CF67 /* Condition */ = {
			isa = PBXNativeTarget;
			buildConfigurationList = F45BA4AE2911450F0087CF67 /* Build configuration list for PBXNativeTarget "Condition" */;
			buildPhases = (
				F45BA4962911450C0087CF67 /* Sources */,
				F45BA4972911450C0087CF67 /* Frameworks */,
				F45BA4982911450C0087CF67 /* Resources */,
			);
			buildRules = (
			);
			dependencies = (
			);
			name = Condition;
			productName = Condition;
			productReference = F45BA49A2911450C0087CF67 /* Condition.app */;
			productType = "com.apple.product-type.application";
		};
/* End PBXNativeTarget section */

/* Begin PBXProject section */
		F45BA4922911450C0087CF67 /* Project object */ = {
			isa = PBXProject;
			attributes = {
				BuildIndependentTargetsInParallel = 1;
				LastSwiftUpdateCheck = 1400;
				LastUpgradeCheck = 1400;
				TargetAttributes = {
					F45BA4992911450C0087CF67 = {
						CreatedOnToolsVersion = 14.0;
					};
				};
			};
			buildConfigurationList = F45BA4952911450C0087CF67 /* Build configuration list for PBXProject "Condition" */;
			compatibilityVersion = "Xcode 14.0";
			developmentRegion = en;
			hasScannedForEncodings = 0;
			knownRegions = (
				en,
				Base,
			);
			mainGroup = F45BA4912911450C0087CF67;
			productRefGroup = F45BA49B2911450C0087CF67 /* Products */;
			projectDirPath = "";
			projectRoot = "";
			targets = (
				F45BA4992911450C0087CF67 /* Condition */,
			);
		};
/* End PBXProject section */

/* Begin PBXResourcesBuildPhase section */
		F45BA4982911450C0087CF67 /* Resources */ = {
			isa = PBXResourcesBuildPhase;
			buildActionMask = 2147483647;
			files = (
				F45BA4AA2911450F0087CF67 /* LaunchScreen.storyboard in Resources */,
				F45BA4A72911450F0087CF67 /* Assets.xcassets in Resources */,
				F45BA4A52911450C0087CF67 /* Main.storyboard in Resources */,
			);
			runOnlyForDeploymentPostprocessing = 0;
		};
/* End PBXResourcesBuildPhase section */

/* Begin PBXSourcesBuildPhase section */
		F45BA4962911450C0087CF67 /* Sources */ = {
			isa = PBXSourcesBuildPhase;
			buildActionMask = 2147483647;
			files = (
				F45BA4A22911450C0087CF67 /* ViewController.swift in Sources */,
				F494BC83292BCC0F00178C2A /* WeatherViewModel.swift in Sources */,
				F494BC87292BCC5800178C2A /* weatherDataManager.swift in Sources */,
				F45BA49E2911450C0087CF67 /* AppDelegate.swift in Sources */,
				F45BA4A02911450C0087CF67 /* SceneDelegate.swift in Sources */,
				F494BC85292BCC2700178C2A /* WeatherModel.swift in Sources */,
				F494BC89292BCC7700178C2A /* WeatherNetworkManager.swift in Sources */,
			);
			runOnlyForDeploymentPostprocessing = 0;
		};
/* End PBXSourcesBuildPhase section */

/* Begin PBXVariantGroup section */
		F45BA4A32911450C0087CF67 /* Main.storyboard */ = {
			isa = PBXVariantGroup;
			children = (
				F45BA4A42911450C0087CF67 /* Base */,
			);
			name = Main.storyboard;
			sourceTree = "<group>";
		};
		F45BA4A82911450F0087CF67 /* LaunchScreen.storyboard */ = {
			isa = PBXVariantGroup;
			children = (
				F45BA4A92911450F0087CF67 /* Base */,
			);
			name = LaunchScreen.storyboard;
			sourceTree = "<group>";
		};
/* End PBXVariantGroup section */

/* Begin XCBuildConfiguration section */
		F45BA4AC2911450F0087CF67 /* Debug */ = {
			isa = XCBuildConfiguration;
			buildSettings = {
				ALWAYS_SEARCH_USER_PATHS = NO;
				CLANG_ANALYZER_NONNULL = YES;
				CLANG_ANALYZER_NUMBER_OBJECT_CONVERSION = YES_AGGRESSIVE;
				CLANG_CXX_LANGUAGE_STANDARD = "gnu++20";
				CLANG_ENABLE_MODULES = YES;
				CLANG_ENABLE_OBJC_ARC = YES;
				CLANG_ENABLE_OBJC_WEAK = YES;
				CLANG_WARN_BLOCK_CAPTURE_AUTORELEASING = YES;
				CLANG_WARN_BOOL_CONVERSION = YES;
				CLANG_WARN_COMMA = YES;
				CLANG_WARN_CONSTANT_CONVERSION = YES;
				CLANG_WARN_DEPRECATED_OBJC_IMPLEMENTATIONS = YES;
				CLANG_WARN_DIRECT_OBJC_ISA_USAGE = YES_ERROR;
				CLANG_WARN_DOCUMENTATION_COMMENTS = YES;
				CLANG_WARN_EMPTY_BODY = YES;
				CLANG_WARN_ENUM_CONVERSION = YES;
				CLANG_WARN_INFINITE_RECURSION = YES;
				CLANG_WARN_INT_CONVERSION = YES;
				CLANG_WARN_NON_LITERAL_NULL_CONVERSION = YES;
				CLANG_WARN_OBJC_IMPLICIT_RETAIN_SELF = YES;
				CLANG_WARN_OBJC_LITERAL_CONVERSION = YES;
				CLANG_WARN_OBJC_ROOT_CLASS = YES_ERROR;
				CLANG_WARN_QUOTED_INCLUDE_IN_FRAMEWORK_HEADER = YES;
				CLANG_WARN_RANGE_LOOP_ANALYSIS = YES;
				CLANG_WARN_STRICT_PROTOTYPES = YES;
				CLANG_WARN_SUSPICIOUS_MOVE = YES;
				CLANG_WARN_UNGUARDED_AVAILABILITY = YES_AGGRESSIVE;
				CLANG_WARN_UNREACHABLE_CODE = YES;
				CLANG_WARN__DUPLICATE_METHOD_MATCH = YES;
				COPY_PHASE_STRIP = NO;
				DEBUG_INFORMATION_FORMAT = dwarf;
				ENABLE_STRICT_OBJC_MSGSEND = YES;
				ENABLE_TESTABILITY = YES;
				GCC_C_LANGUAGE_STANDARD = gnu11;
				GCC_DYNAMIC_NO_PIC = NO;
				GCC_NO_COMMON_BLOCKS = YES;
				GCC_OPTIMIZATION_LEVEL = 0;
				GCC_PREPROCESSOR_DEFINITIONS = (
					"DEBUG=1",
					"$(inherited)",
				);
				GCC_WARN_64_TO_32_BIT_CONVERSION = YES;
				GCC_WARN_ABOUT_RETURN_TYPE = YES_ERROR;
				GCC_WARN_UNDECLARED_SELECTOR = YES;
				GCC_WARN_UNINITIALIZED_AUTOS = YES_AGGRESSIVE;
				GCC_WARN_UNUSED_FUNCTION = YES;
				GCC_WARN_UNUSED_VARIABLE = YES;
				IPHONEOS_DEPLOYMENT_TARGET = 16.0;
				MTL_ENABLE_DEBUG_INFO = INCLUDE_SOURCE;
				MTL_FAST_MATH = YES;
				ONLY_ACTIVE_ARCH = YES;
				SDKROOT = iphoneos;
				SWIFT_ACTIVE_COMPILATION_CONDITIONS = DEBUG;
				SWIFT_OPTIMIZATION_LEVEL = "-Onone";
			};
			name = Debug;
		};
		F45BA4AD2911450F0087CF67 /* Release */ = {
			isa = XCBuildConfiguration;
			buildSettings = {
				ALWAYS_SEARCH_USER_PATHS = NO;
				CLANG_ANALYZER_NONNULL = YES;
				CLANG_ANALYZER_NUMBER_OBJECT_CONVERSION = YES_AGGRESSIVE;
				CLANG_CXX_LANGUAGE_STANDARD = "gnu++20";
				CLANG_ENABLE_MODULES = YES;
				CLANG_ENABLE_OBJC_ARC = YES;
				CLANG_ENABLE_OBJC_WEAK = YES;
				CLANG_WARN_BLOCK_CAPTURE_AUTORELEASING = YES;
				CLANG_WARN_BOOL_CONVERSION = YES;
				CLANG_WARN_COMMA = YES;
				CLANG_WARN_CONSTANT_CONVERSION = YES;
				CLANG_WARN_DEPRECATED_OBJC_IMPLEMENTATIONS = YES;
				CLANG_WARN_DIRECT_OBJC_ISA_USAGE = YES_ERROR;
				CLANG_WARN_DOCUMENTATION_COMMENTS = YES;
				CLANG_WARN_EMPTY_BODY = YES;
				CLANG_WARN_ENUM_CONVERSION = YES;
				CLANG_WARN_INFINITE_RECURSION = YES;
				CLANG_WARN_INT_CONVERSION = YES;
				CLANG_WARN_NON_LITERAL_NULL_CONVERSION = YES;
				CLANG_WARN_OBJC_IMPLICIT_RETAIN_SELF = YES;
				CLANG_WARN_OBJC_LITERAL_CONVERSION = YES;
				CLANG_WARN_OBJC_ROOT_CLASS = YES_ERROR;
				CLANG_WARN_QUOTED_INCLUDE_IN_FRAMEWORK_HEADER = YES;
				CLANG_WARN_RANGE_LOOP_ANALYSIS = YES;
				CLANG_WARN_STRICT_PROTOTYPES = YES;
				CLANG_WARN_SUSPICIOUS_MOVE = YES;
				CLANG_WARN_UNGUARDED_AVAILABILITY = YES_AGGRESSIVE;
				CLANG_WARN_UNREACHABLE_CODE = YES;
				CLANG_WARN__DUPLICATE_METHOD_MATCH = YES;
				COPY_PHASE_STRIP = NO;
				DEBUG_INFORMATION_FORMAT = "dwarf-with-dsym";
				ENABLE_NS_ASSERTIONS = NO;
				ENABLE_STRICT_OBJC_MSGSEND = YES;
				GCC_C_LANGUAGE_STANDARD = gnu11;
				GCC_NO_COMMON_BLOCKS = YES;
				GCC_WARN_64_TO_32_BIT_CONVERSION = YES;
				GCC_WARN_ABOUT_RETURN_TYPE = YES_ERROR;
				GCC_WARN_UNDECLARED_SELECTOR = YES;
				GCC_WARN_UNINITIALIZED_AUTOS = YES_AGGRESSIVE;
				GCC_WARN_UNUSED_FUNCTION = YES;
				GCC_WARN_UNUSED_VARIABLE = YES;
				IPHONEOS_DEPLOYMENT_TARGET = 16.0;
				MTL_ENABLE_DEBUG_INFO = NO;
				MTL_FAST_MATH = YES;
				SDKROOT = iphoneos;
				SWIFT_COMPILATION_MODE = wholemodule;
				SWIFT_OPTIMIZATION_LEVEL = "-O";
				VALIDATE_PRODUCT = YES;
			};
			name = Release;
		};
		F45BA4AF2911450F0087CF67 /* Debug */ = {
			isa = XCBuildConfiguration;
			buildSettings = {
				ASSETCATALOG_COMPILER_APPICON_NAME = AppIcon;
				ASSETCATALOG_COMPILER_GLOBAL_ACCENT_COLOR_NAME = AccentColor;
				CODE_SIGN_STYLE = Automatic;
				CURRENT_PROJECT_VERSION = 1;
				GENERATE_INFOPLIST_FILE = YES;
				INFOPLIST_FILE = Condition/Info.plist;
				INFOPLIST_KEY_LSApplicationCategoryType = "public.app-category.business";
				INFOPLIST_KEY_UIApplicationSupportsIndirectInputEvents = YES;
				INFOPLIST_KEY_UILaunchStoryboardName = LaunchScreen;
				INFOPLIST_KEY_UIMainStoryboardFile = Main;
				INFOPLIST_KEY_UISupportedInterfaceOrientations_iPad = "UIInterfaceOrientationPortrait UIInterfaceOrientationPortraitUpsideDown UIInterfaceOrientationLandscapeLeft UIInterfaceOrientationLandscapeRight";
				INFOPLIST_KEY_UISupportedInterfaceOrientations_iPhone = "UIInterfaceOrientationPortrait UIInterfaceOrientationLandscapeLeft UIInterfaceOrientationLandscapeRight";
				IPHONEOS_DEPLOYMENT_TARGET = 14.0;
				LD_RUNPATH_SEARCH_PATHS = (
					"$(inherited)",
					"@executable_path/Frameworks",
				);
				MARKETING_VERSION = 1.0;
				PRODUCT_BUNDLE_IDENTIFIER = com.rahul.test.Condition;
				PRODUCT_NAME = "$(TARGET_NAME)";
				SWIFT_EMIT_LOC_STRINGS = YES;
				SWIFT_VERSION = 5.0;
				TARGETED_DEVICE_FAMILY = "1,2";
			};
			name = Debug;
		};
		F45BA4B02911450F0087CF67 /* Release */ = {
			isa = XCBuildConfiguration;
			buildSettings = {
				ASSETCATALOG_COMPILER_APPICON_NAME = AppIcon;
				ASSETCATALOG_COMPILER_GLOBAL_ACCENT_COLOR_NAME = AccentColor;
				CODE_SIGN_STYLE = Automatic;
				CURRENT_PROJECT_VERSION = 1;
				GENERATE_INFOPLIST_FILE = YES;
				INFOPLIST_FILE = Condition/Info.plist;
				INFOPLIST_KEY_LSApplicationCategoryType = "public.app-category.business";
				INFOPLIST_KEY_UIApplicationSupportsIndirectInputEvents = YES;
				INFOPLIST_KEY_UILaunchStoryboardName = LaunchScreen;
				INFOPLIST_KEY_UIMainStoryboardFile = Main;
				INFOPLIST_KEY_UISupportedInterfaceOrientations_iPad = "UIInterfaceOrientationPortrait UIInterfaceOrientationPortraitUpsideDown UIInterfaceOrientationLandscapeLeft UIInterfaceOrientationLandscapeRight";
				INFOPLIST_KEY_UISupportedInterfaceOrientations_iPhone = "UIInterfaceOrientationPortrait UIInterfaceOrientationLandscapeLeft UIInterfaceOrientationLandscapeRight";
				IPHONEOS_DEPLOYMENT_TARGET = 14.0;
				LD_RUNPATH_SEARCH_PATHS = (
					"$(inherited)",
					"@executable_path/Frameworks",
				);
				MARKETING_VERSION = 1.0;
				PRODUCT_BUNDLE_IDENTIFIER = com.rahul.test.Condition;
				PRODUCT_NAME = "$(TARGET_NAME)";
				SWIFT_EMIT_LOC_STRINGS = YES;
				SWIFT_VERSION = 5.0;
				TARGETED_DEVICE_FAMILY = "1,2";
			};
			name = Release;
		};
/* End XCBuildConfiguration section */

/* Begin XCConfigurationList section */
		F45BA4952911450C0087CF67 /* Build configuration list for PBXProject "Condition" */ = {
			isa = XCConfigurationList;
			buildConfigurations = (
				F45BA4AC2911450F0087CF67 /* Debug */,
				F45BA4AD2911450F0087CF67 /* Release */,
			);
			defaultConfigurationIsVisible = 0;
			defaultConfigurationName = Release;
		};
		F45BA4AE2911450F0087CF67 /* Build configuration list for PBXNativeTarget "Condition" */ = {
			isa = XCConfigurationList;
			buildConfigurations = (
				F45BA4AF2911450F0087CF67 /* Debug */,
				F45BA4B02911450F0087CF67 /* Release */,
			);
			defaultConfigurationIsVisible = 0;
			defaultConfigurationName = Release;
		};
/* End XCConfigurationList section */
	};
	rootObject = F45BA4922911450C0087CF67 /* Project object */;
}
